
Microsoft Visual Studio Solution File, Format Version 12.00
# Visual Studio 15
VisualStudioVersion = 15.0.27004.2005
MinimumVisualStudioVersion = 10.0.40219.1
Project("{2150E333-8FDC-42A3-9474-1A3956D46DE8}") = "Solution Items", "Solution Items", "{E2744B6F-A7BD-4521-A0E5-E23B4BCC95CA}"
	ProjectSection(SolutionItems) = preProject
		README.md = README.md
	EndProjectSection
EndProject
Project("{9A19103F-16F7-4668-BE54-9A1E7A4F7556}") = "BDSA2018.Assignment08.Entities", "BDSA2018.Assignment08.Entities\BDSA2018.Assignment08.Entities.csproj", "{6CDCB05C-2EA0-4EAA-AF22-4055BF320E52}"
EndProject
Project("{9A19103F-16F7-4668-BE54-9A1E7A4F7556}") = "BDSA2018.Assignment08.Entities.Tests", "BDSA2018.Assignment08.Entities.Tests\BDSA2018.Assignment08.Entities.Tests.csproj", "{D42E8692-EE61-4C7D-8A29-730FF2D36865}"
EndProject
Project("{9A19103F-16F7-4668-BE54-9A1E7A4F7556}") = "BDSA2018.Assignment08.Models", "BDSA2018.Assignment08.Models\BDSA2018.Assignment08.Models.csproj", "{188C6199-E0C3-451D-B34E-B7F8D3190FD8}"
EndProject
Project("{9A19103F-16F7-4668-BE54-9A1E7A4F7556}") = "BDSA2018.Assignment08.Models.Tests", "BDSA2018.Assignment08.Models.Tests\BDSA2018.Assignment08.Models.Tests.csproj", "{576B63A6-B872-4108-96E0-1DD9C0236D5C}"
EndProject
Project("{9A19103F-16F7-4668-BE54-9A1E7A4F7556}") = "BDSA2018.Assignment08.Web", "BDSA2018.Assignment08.Web\BDSA2018.Assignment08.Web.csproj", "{BF430F69-8C50-4A8E-9FAE-3E64949F6412}"
EndProject
Project("{9A19103F-16F7-4668-BE54-9A1E7A4F7556}") = "BDSA2018.Assignment08.Web.Tests", "BDSA2018.Assignment08.Web.Tests\BDSA2018.Assignment08.Web.Tests.csproj", "{FC57C489-298E-4AA5-95B3-54E311D73849}"
EndProject
Project("{9A19103F-16F7-4668-BE54-9A1E7A4F7556}") = "BDSA2018.Assignment08.Shared", "BDSA2018.Assignment08.Shared\BDSA2018.Assignment08.Shared.csproj", "{5B060B3C-1D7B-4C89-8ED1-FB1E005EB04A}"
EndProject
Project("{FAE04EC0-301F-11D3-BF4B-00C04F79EFBC}") = "CarApp.Android", "CarApp\CarApp.Android\CarApp.Android.csproj", "{24CE3C36-16B9-426D-AA0C-5961ECF8D88C}"
EndProject
Project("{FAE04EC0-301F-11D3-BF4B-00C04F79EFBC}") = "CarApp.iOS", "CarApp\CarApp.iOS\CarApp.iOS.csproj", "{F4A64289-0A1A-4ADF-BA16-70F8DEAB9635}"
EndProject
Project("{FAE04EC0-301F-11D3-BF4B-00C04F79EFBC}") = "CarApp.UWP", "CarApp\CarApp.UWP\CarApp.UWP.csproj", "{AAB845DE-9B44-4AB5-B336-E84782C8AAE8}"
EndProject
Project("{9A19103F-16F7-4668-BE54-9A1E7A4F7556}") = "CarApp.MobileAppService", "CarApp\CarApp.MobileAppService\CarApp.MobileAppService.csproj", "{EBEE6C8F-F316-49F7-B15E-F3E8EEBF8E08}"
EndProject
Project("{9A19103F-16F7-4668-BE54-9A1E7A4F7556}") = "CarApp", "CarApp\CarApp\CarApp.csproj", "{EDD0C969-31D8-4AC0-9E62-B8A7598436ED}"
EndProject
Global
	GlobalSection(SolutionConfigurationPlatforms) = preSolution
		Debug|Any CPU = Debug|Any CPU
		Debug|ARM = Debug|ARM
		Debug|iPhone = Debug|iPhone
		Debug|iPhoneSimulator = Debug|iPhoneSimulator
		Debug|x64 = Debug|x64
		Debug|x86 = Debug|x86
		Release|Any CPU = Release|Any CPU
		Release|ARM = Release|ARM
		Release|iPhone = Release|iPhone
		Release|iPhoneSimulator = Release|iPhoneSimulator
		Release|x64 = Release|x64
		Release|x86 = Release|x86
	EndGlobalSection
	GlobalSection(ProjectConfigurationPlatforms) = postSolution
		{6CDCB05C-2EA0-4EAA-AF22-4055BF320E52}.Debug|Any CPU.ActiveCfg = Debug|Any CPU
		{6CDCB05C-2EA0-4EAA-AF22-4055BF320E52}.Debug|Any CPU.Build.0 = Debug|Any CPU
		{6CDCB05C-2EA0-4EAA-AF22-4055BF320E52}.Debug|ARM.ActiveCfg = Debug|Any CPU
		{6CDCB05C-2EA0-4EAA-AF22-4055BF320E52}.Debug|ARM.Build.0 = Debug|Any CPU
		{6CDCB05C-2EA0-4EAA-AF22-4055BF320E52}.Debug|iPhone.ActiveCfg = Debug|Any CPU
		{6CDCB05C-2EA0-4EAA-AF22-4055BF320E52}.Debug|iPhone.Build.0 = Debug|Any CPU
		{6CDCB05C-2EA0-4EAA-AF22-4055BF320E52}.Debug|iPhoneSimulator.ActiveCfg = Debug|Any CPU
		{6CDCB05C-2EA0-4EAA-AF22-4055BF320E52}.Debug|iPhoneSimulator.Build.0 = Debug|Any CPU
		{6CDCB05C-2EA0-4EAA-AF22-4055BF320E52}.Debug|x64.ActiveCfg = Debug|Any CPU
		{6CDCB05C-2EA0-4EAA-AF22-4055BF320E52}.Debug|x64.Build.0 = Debug|Any CPU
		{6CDCB05C-2EA0-4EAA-AF22-4055BF320E52}.Debug|x86.ActiveCfg = Debug|Any CPU
		{6CDCB05C-2EA0-4EAA-AF22-4055BF320E52}.Debug|x86.Build.0 = Debug|Any CPU
		{6CDCB05C-2EA0-4EAA-AF22-4055BF320E52}.Release|Any CPU.ActiveCfg = Release|Any CPU
		{6CDCB05C-2EA0-4EAA-AF22-4055BF320E52}.Release|Any CPU.Build.0 = Release|Any CPU
		{6CDCB05C-2EA0-4EAA-AF22-4055BF320E52}.Release|ARM.ActiveCfg = Release|Any CPU
		{6CDCB05C-2EA0-4EAA-AF22-4055BF320E52}.Release|ARM.Build.0 = Release|Any CPU
		{6CDCB05C-2EA0-4EAA-AF22-4055BF320E52}.Release|iPhone.ActiveCfg = Release|Any CPU
		{6CDCB05C-2EA0-4EAA-AF22-4055BF320E52}.Release|iPhone.Build.0 = Release|Any CPU
		{6CDCB05C-2EA0-4EAA-AF22-4055BF320E52}.Release|iPhoneSimulator.ActiveCfg = Release|Any CPU
		{6CDCB05C-2EA0-4EAA-AF22-4055BF320E52}.Release|iPhoneSimulator.Build.0 = Release|Any CPU
		{6CDCB05C-2EA0-4EAA-AF22-4055BF320E52}.Release|x64.ActiveCfg = Release|Any CPU
		{6CDCB05C-2EA0-4EAA-AF22-4055BF320E52}.Release|x64.Build.0 = Release|Any CPU
		{6CDCB05C-2EA0-4EAA-AF22-4055BF320E52}.Release|x86.ActiveCfg = Release|Any CPU
		{6CDCB05C-2EA0-4EAA-AF22-4055BF320E52}.Release|x86.Build.0 = Release|Any CPU
		{D42E8692-EE61-4C7D-8A29-730FF2D36865}.Debug|Any CPU.ActiveCfg = Debug|Any CPU
		{D42E8692-EE61-4C7D-8A29-730FF2D36865}.Debug|Any CPU.Build.0 = Debug|Any CPU
		{D42E8692-EE61-4C7D-8A29-730FF2D36865}.Debug|ARM.ActiveCfg = Debug|Any CPU
		{D42E8692-EE61-4C7D-8A29-730FF2D36865}.Debug|ARM.Build.0 = Debug|Any CPU
		{D42E8692-EE61-4C7D-8A29-730FF2D36865}.Debug|iPhone.ActiveCfg = Debug|Any CPU
		{D42E8692-EE61-4C7D-8A29-730FF2D36865}.Debug|iPhone.Build.0 = Debug|Any CPU
		{D42E8692-EE61-4C7D-8A29-730FF2D36865}.Debug|iPhoneSimulator.ActiveCfg = Debug|Any CPU
		{D42E8692-EE61-4C7D-8A29-730FF2D36865}.Debug|iPhoneSimulator.Build.0 = Debug|Any CPU
		{D42E8692-EE61-4C7D-8A29-730FF2D36865}.Debug|x64.ActiveCfg = Debug|Any CPU
		{D42E8692-EE61-4C7D-8A29-730FF2D36865}.Debug|x64.Build.0 = Debug|Any CPU
		{D42E8692-EE61-4C7D-8A29-730FF2D36865}.Debug|x86.ActiveCfg = Debug|Any CPU
		{D42E8692-EE61-4C7D-8A29-730FF2D36865}.Debug|x86.Build.0 = Debug|Any CPU
		{D42E8692-EE61-4C7D-8A29-730FF2D36865}.Release|Any CPU.ActiveCfg = Release|Any CPU
		{D42E8692-EE61-4C7D-8A29-730FF2D36865}.Release|Any CPU.Build.0 = Release|Any CPU
		{D42E8692-EE61-4C7D-8A29-730FF2D36865}.Release|ARM.ActiveCfg = Release|Any CPU
		{D42E8692-EE61-4C7D-8A29-730FF2D36865}.Release|ARM.Build.0 = Release|Any CPU
		{D42E8692-EE61-4C7D-8A29-730FF2D36865}.Release|iPhone.ActiveCfg = Release|Any CPU
		{D42E8692-EE61-4C7D-8A29-730FF2D36865}.Release|iPhone.Build.0 = Release|Any CPU
		{D42E8692-EE61-4C7D-8A29-730FF2D36865}.Release|iPhoneSimulator.ActiveCfg = Release|Any CPU
		{D42E8692-EE61-4C7D-8A29-730FF2D36865}.Release|iPhoneSimulator.Build.0 = Release|Any CPU
		{D42E8692-EE61-4C7D-8A29-730FF2D36865}.Release|x64.ActiveCfg = Release|Any CPU
		{D42E8692-EE61-4C7D-8A29-730FF2D36865}.Release|x64.Build.0 = Release|Any CPU
		{D42E8692-EE61-4C7D-8A29-730FF2D36865}.Release|x86.ActiveCfg = Release|Any CPU
		{D42E8692-EE61-4C7D-8A29-730FF2D36865}.Release|x86.Build.0 = Release|Any CPU
		{188C6199-E0C3-451D-B34E-B7F8D3190FD8}.Debug|Any CPU.ActiveCfg = Debug|Any CPU
		{188C6199-E0C3-451D-B34E-B7F8D3190FD8}.Debug|Any CPU.Build.0 = Debug|Any CPU
		{188C6199-E0C3-451D-B34E-B7F8D3190FD8}.Debug|ARM.ActiveCfg = Debug|Any CPU
		{188C6199-E0C3-451D-B34E-B7F8D3190FD8}.Debug|ARM.Build.0 = Debug|Any CPU
		{188C6199-E0C3-451D-B34E-B7F8D3190FD8}.Debug|iPhone.ActiveCfg = Debug|Any CPU
		{188C6199-E0C3-451D-B34E-B7F8D3190FD8}.Debug|iPhone.Build.0 = Debug|Any CPU
		{188C6199-E0C3-451D-B34E-B7F8D3190FD8}.Debug|iPhoneSimulator.ActiveCfg = Debug|Any CPU
		{188C6199-E0C3-451D-B34E-B7F8D3190FD8}.Debug|iPhoneSimulator.Build.0 = Debug|Any CPU
		{188C6199-E0C3-451D-B34E-B7F8D3190FD8}.Debug|x64.ActiveCfg = Debug|Any CPU
		{188C6199-E0C3-451D-B34E-B7F8D3190FD8}.Debug|x64.Build.0 = Debug|Any CPU
		{188C6199-E0C3-451D-B34E-B7F8D3190FD8}.Debug|x86.ActiveCfg = Debug|Any CPU
		{188C6199-E0C3-451D-B34E-B7F8D3190FD8}.Debug|x86.Build.0 = Debug|Any CPU
		{188C6199-E0C3-451D-B34E-B7F8D3190FD8}.Release|Any CPU.ActiveCfg = Release|Any CPU
		{188C6199-E0C3-451D-B34E-B7F8D3190FD8}.Release|Any CPU.Build.0 = Release|Any CPU
		{188C6199-E0C3-451D-B34E-B7F8D3190FD8}.Release|ARM.ActiveCfg = Release|Any CPU
		{188C6199-E0C3-451D-B34E-B7F8D3190FD8}.Release|ARM.Build.0 = Release|Any CPU
		{188C6199-E0C3-451D-B34E-B7F8D3190FD8}.Release|iPhone.ActiveCfg = Release|Any CPU
		{188C6199-E0C3-451D-B34E-B7F8D3190FD8}.Release|iPhone.Build.0 = Release|Any CPU
		{188C6199-E0C3-451D-B34E-B7F8D3190FD8}.Release|iPhoneSimulator.ActiveCfg = Release|Any CPU
		{188C6199-E0C3-451D-B34E-B7F8D3190FD8}.Release|iPhoneSimulator.Build.0 = Release|Any CPU
		{188C6199-E0C3-451D-B34E-B7F8D3190FD8}.Release|x64.ActiveCfg = Release|Any CPU
		{188C6199-E0C3-451D-B34E-B7F8D3190FD8}.Release|x64.Build.0 = Release|Any CPU
		{188C6199-E0C3-451D-B34E-B7F8D3190FD8}.Release|x86.ActiveCfg = Release|Any CPU
		{188C6199-E0C3-451D-B34E-B7F8D3190FD8}.Release|x86.Build.0 = Release|Any CPU
		{576B63A6-B872-4108-96E0-1DD9C0236D5C}.Debug|Any CPU.ActiveCfg = Debug|Any CPU
		{576B63A6-B872-4108-96E0-1DD9C0236D5C}.Debug|Any CPU.Build.0 = Debug|Any CPU
		{576B63A6-B872-4108-96E0-1DD9C0236D5C}.Debug|ARM.ActiveCfg = Debug|Any CPU
		{576B63A6-B872-4108-96E0-1DD9C0236D5C}.Debug|ARM.Build.0 = Debug|Any CPU
		{576B63A6-B872-4108-96E0-1DD9C0236D5C}.Debug|iPhone.ActiveCfg = Debug|Any CPU
		{576B63A6-B872-4108-96E0-1DD9C0236D5C}.Debug|iPhone.Build.0 = Debug|Any CPU
		{576B63A6-B872-4108-96E0-1DD9C0236D5C}.Debug|iPhoneSimulator.ActiveCfg = Debug|Any CPU
		{576B63A6-B872-4108-96E0-1DD9C0236D5C}.Debug|iPhoneSimulator.Build.0 = Debug|Any CPU
		{576B63A6-B872-4108-96E0-1DD9C0236D5C}.Debug|x64.ActiveCfg = Debug|Any CPU
		{576B63A6-B872-4108-96E0-1DD9C0236D5C}.Debug|x64.Build.0 = Debug|Any CPU
		{576B63A6-B872-4108-96E0-1DD9C0236D5C}.Debug|x86.ActiveCfg = Debug|Any CPU
		{576B63A6-B872-4108-96E0-1DD9C0236D5C}.Debug|x86.Build.0 = Debug|Any CPU
		{576B63A6-B872-4108-96E0-1DD9C0236D5C}.Release|Any CPU.ActiveCfg = Release|Any CPU
		{576B63A6-B872-4108-96E0-1DD9C0236D5C}.Release|Any CPU.Build.0 = Release|Any CPU
		{576B63A6-B872-4108-96E0-1DD9C0236D5C}.Release|ARM.ActiveCfg = Release|Any CPU
		{576B63A6-B872-4108-96E0-1DD9C0236D5C}.Release|ARM.Build.0 = Release|Any CPU
		{576B63A6-B872-4108-96E0-1DD9C0236D5C}.Release|iPhone.ActiveCfg = Release|Any CPU
		{576B63A6-B872-4108-96E0-1DD9C0236D5C}.Release|iPhone.Build.0 = Release|Any CPU
		{576B63A6-B872-4108-96E0-1DD9C0236D5C}.Release|iPhoneSimulator.ActiveCfg = Release|Any CPU
		{576B63A6-B872-4108-96E0-1DD9C0236D5C}.Release|iPhoneSimulator.Build.0 = Release|Any CPU
		{576B63A6-B872-4108-96E0-1DD9C0236D5C}.Release|x64.ActiveCfg = Release|Any CPU
		{576B63A6-B872-4108-96E0-1DD9C0236D5C}.Release|x64.Build.0 = Release|Any CPU
		{576B63A6-B872-4108-96E0-1DD9C0236D5C}.Release|x86.ActiveCfg = Release|Any CPU
		{576B63A6-B872-4108-96E0-1DD9C0236D5C}.Release|x86.Build.0 = Release|Any CPU
		{BF430F69-8C50-4A8E-9FAE-3E64949F6412}.Debug|Any CPU.ActiveCfg = Debug|Any CPU
		{BF430F69-8C50-4A8E-9FAE-3E64949F6412}.Debug|Any CPU.Build.0 = Debug|Any CPU
		{BF430F69-8C50-4A8E-9FAE-3E64949F6412}.Debug|ARM.ActiveCfg = Debug|Any CPU
		{BF430F69-8C50-4A8E-9FAE-3E64949F6412}.Debug|ARM.Build.0 = Debug|Any CPU
		{BF430F69-8C50-4A8E-9FAE-3E64949F6412}.Debug|iPhone.ActiveCfg = Debug|Any CPU
		{BF430F69-8C50-4A8E-9FAE-3E64949F6412}.Debug|iPhone.Build.0 = Debug|Any CPU
		{BF430F69-8C50-4A8E-9FAE-3E64949F6412}.Debug|iPhoneSimulator.ActiveCfg = Debug|Any CPU
		{BF430F69-8C50-4A8E-9FAE-3E64949F6412}.Debug|iPhoneSimulator.Build.0 = Debug|Any CPU
		{BF430F69-8C50-4A8E-9FAE-3E64949F6412}.Debug|x64.ActiveCfg = Debug|Any CPU
		{BF430F69-8C50-4A8E-9FAE-3E64949F6412}.Debug|x64.Build.0 = Debug|Any CPU
		{BF430F69-8C50-4A8E-9FAE-3E64949F6412}.Debug|x86.ActiveCfg = Debug|Any CPU
		{BF430F69-8C50-4A8E-9FAE-3E64949F6412}.Debug|x86.Build.0 = Debug|Any CPU
		{BF430F69-8C50-4A8E-9FAE-3E64949F6412}.Release|Any CPU.ActiveCfg = Release|Any CPU
		{BF430F69-8C50-4A8E-9FAE-3E64949F6412}.Release|Any CPU.Build.0 = Release|Any CPU
		{BF430F69-8C50-4A8E-9FAE-3E64949F6412}.Release|ARM.ActiveCfg = Release|Any CPU
		{BF430F69-8C50-4A8E-9FAE-3E64949F6412}.Release|ARM.Build.0 = Release|Any CPU
		{BF430F69-8C50-4A8E-9FAE-3E64949F6412}.Release|iPhone.ActiveCfg = Release|Any CPU
		{BF430F69-8C50-4A8E-9FAE-3E64949F6412}.Release|iPhone.Build.0 = Release|Any CPU
		{BF430F69-8C50-4A8E-9FAE-3E64949F6412}.Release|iPhoneSimulator.ActiveCfg = Release|Any CPU
		{BF430F69-8C50-4A8E-9FAE-3E64949F6412}.Release|iPhoneSimulator.Build.0 = Release|Any CPU
		{BF430F69-8C50-4A8E-9FAE-3E64949F6412}.Release|x64.ActiveCfg = Release|Any CPU
		{BF430F69-8C50-4A8E-9FAE-3E64949F6412}.Release|x64.Build.0 = Release|Any CPU
		{BF430F69-8C50-4A8E-9FAE-3E64949F6412}.Release|x86.ActiveCfg = Release|Any CPU
		{BF430F69-8C50-4A8E-9FAE-3E64949F6412}.Release|x86.Build.0 = Release|Any CPU
		{FC57C489-298E-4AA5-95B3-54E311D73849}.Debug|Any CPU.ActiveCfg = Debug|Any CPU
		{FC57C489-298E-4AA5-95B3-54E311D73849}.Debug|Any CPU.Build.0 = Debug|Any CPU
		{FC57C489-298E-4AA5-95B3-54E311D73849}.Debug|ARM.ActiveCfg = Debug|Any CPU
		{FC57C489-298E-4AA5-95B3-54E311D73849}.Debug|ARM.Build.0 = Debug|Any CPU
		{FC57C489-298E-4AA5-95B3-54E311D73849}.Debug|iPhone.ActiveCfg = Debug|Any CPU
		{FC57C489-298E-4AA5-95B3-54E311D73849}.Debug|iPhone.Build.0 = Debug|Any CPU
		{FC57C489-298E-4AA5-95B3-54E311D73849}.Debug|iPhoneSimulator.ActiveCfg = Debug|Any CPU
		{FC57C489-298E-4AA5-95B3-54E311D73849}.Debug|iPhoneSimulator.Build.0 = Debug|Any CPU
		{FC57C489-298E-4AA5-95B3-54E311D73849}.Debug|x64.ActiveCfg = Debug|Any CPU
		{FC57C489-298E-4AA5-95B3-54E311D73849}.Debug|x64.Build.0 = Debug|Any CPU
		{FC57C489-298E-4AA5-95B3-54E311D73849}.Debug|x86.ActiveCfg = Debug|Any CPU
		{FC57C489-298E-4AA5-95B3-54E311D73849}.Debug|x86.Build.0 = Debug|Any CPU
		{FC57C489-298E-4AA5-95B3-54E311D73849}.Release|Any CPU.ActiveCfg = Release|Any CPU
		{FC57C489-298E-4AA5-95B3-54E311D73849}.Release|Any CPU.Build.0 = Release|Any CPU
		{FC57C489-298E-4AA5-95B3-54E311D73849}.Release|ARM.ActiveCfg = Release|Any CPU
		{FC57C489-298E-4AA5-95B3-54E311D73849}.Release|ARM.Build.0 = Release|Any CPU
		{FC57C489-298E-4AA5-95B3-54E311D73849}.Release|iPhone.ActiveCfg = Release|Any CPU
		{FC57C489-298E-4AA5-95B3-54E311D73849}.Release|iPhone.Build.0 = Release|Any CPU
		{FC57C489-298E-4AA5-95B3-54E311D73849}.Release|iPhoneSimulator.ActiveCfg = Release|Any CPU
		{FC57C489-298E-4AA5-95B3-54E311D73849}.Release|iPhoneSimulator.Build.0 = Release|Any CPU
		{FC57C489-298E-4AA5-95B3-54E311D73849}.Release|x64.ActiveCfg = Release|Any CPU
		{FC57C489-298E-4AA5-95B3-54E311D73849}.Release|x64.Build.0 = Release|Any CPU
		{FC57C489-298E-4AA5-95B3-54E311D73849}.Release|x86.ActiveCfg = Release|Any CPU
		{FC57C489-298E-4AA5-95B3-54E311D73849}.Release|x86.Build.0 = Release|Any CPU
		{5B060B3C-1D7B-4C89-8ED1-FB1E005EB04A}.Debug|Any CPU.ActiveCfg = Debug|Any CPU
		{5B060B3C-1D7B-4C89-8ED1-FB1E005EB04A}.Debug|Any CPU.Build.0 = Debug|Any CPU
		{5B060B3C-1D7B-4C89-8ED1-FB1E005EB04A}.Debug|ARM.ActiveCfg = Debug|Any CPU
		{5B060B3C-1D7B-4C89-8ED1-FB1E005EB04A}.Debug|ARM.Build.0 = Debug|Any CPU
		{5B060B3C-1D7B-4C89-8ED1-FB1E005EB04A}.Debug|iPhone.ActiveCfg = Debug|Any CPU
		{5B060B3C-1D7B-4C89-8ED1-FB1E005EB04A}.Debug|iPhone.Build.0 = Debug|Any CPU
		{5B060B3C-1D7B-4C89-8ED1-FB1E005EB04A}.Debug|iPhoneSimulator.ActiveCfg = Debug|Any CPU
		{5B060B3C-1D7B-4C89-8ED1-FB1E005EB04A}.Debug|iPhoneSimulator.Build.0 = Debug|Any CPU
		{5B060B3C-1D7B-4C89-8ED1-FB1E005EB04A}.Debug|x64.ActiveCfg = Debug|Any CPU
		{5B060B3C-1D7B-4C89-8ED1-FB1E005EB04A}.Debug|x64.Build.0 = Debug|Any CPU
		{5B060B3C-1D7B-4C89-8ED1-FB1E005EB04A}.Debug|x86.ActiveCfg = Debug|Any CPU
		{5B060B3C-1D7B-4C89-8ED1-FB1E005EB04A}.Debug|x86.Build.0 = Debug|Any CPU
		{5B060B3C-1D7B-4C89-8ED1-FB1E005EB04A}.Release|Any CPU.ActiveCfg = Release|Any CPU
		{5B060B3C-1D7B-4C89-8ED1-FB1E005EB04A}.Release|Any CPU.Build.0 = Release|Any CPU
		{5B060B3C-1D7B-4C89-8ED1-FB1E005EB04A}.Release|ARM.ActiveCfg = Release|Any CPU
		{5B060B3C-1D7B-4C89-8ED1-FB1E005EB04A}.Release|ARM.Build.0 = Release|Any CPU
		{5B060B3C-1D7B-4C89-8ED1-FB1E005EB04A}.Release|iPhone.ActiveCfg = Release|Any CPU
		{5B060B3C-1D7B-4C89-8ED1-FB1E005EB04A}.Release|iPhone.Build.0 = Release|Any CPU
		{5B060B3C-1D7B-4C89-8ED1-FB1E005EB04A}.Release|iPhoneSimulator.ActiveCfg = Release|Any CPU
		{5B060B3C-1D7B-4C89-8ED1-FB1E005EB04A}.Release|iPhoneSimulator.Build.0 = Release|Any CPU
		{5B060B3C-1D7B-4C89-8ED1-FB1E005EB04A}.Release|x64.ActiveCfg = Release|Any CPU
		{5B060B3C-1D7B-4C89-8ED1-FB1E005EB04A}.Release|x64.Build.0 = Release|Any CPU
		{5B060B3C-1D7B-4C89-8ED1-FB1E005EB04A}.Release|x86.ActiveCfg = Release|Any CPU
		{5B060B3C-1D7B-4C89-8ED1-FB1E005EB04A}.Release|x86.Build.0 = Release|Any CPU
		{24CE3C36-16B9-426D-AA0C-5961ECF8D88C}.Debug|Any CPU.ActiveCfg = Debug|Any CPU
		{24CE3C36-16B9-426D-AA0C-5961ECF8D88C}.Debug|ARM.ActiveCfg = Debug|Any CPU
		{24CE3C36-16B9-426D-AA0C-5961ECF8D88C}.Debug|ARM.Build.0 = Debug|Any CPU
		{24CE3C36-16B9-426D-AA0C-5961ECF8D88C}.Debug|ARM.Deploy.0 = Debug|Any CPU
		{24CE3C36-16B9-426D-AA0C-5961ECF8D88C}.Debug|iPhone.ActiveCfg = Debug|Any CPU
		{24CE3C36-16B9-426D-AA0C-5961ECF8D88C}.Debug|iPhone.Build.0 = Debug|Any CPU
		{24CE3C36-16B9-426D-AA0C-5961ECF8D88C}.Debug|iPhone.Deploy.0 = Debug|Any CPU
		{24CE3C36-16B9-426D-AA0C-5961ECF8D88C}.Debug|iPhoneSimulator.ActiveCfg = Debug|Any CPU
		{24CE3C36-16B9-426D-AA0C-5961ECF8D88C}.Debug|iPhoneSimulator.Build.0 = Debug|Any CPU
		{24CE3C36-16B9-426D-AA0C-5961ECF8D88C}.Debug|iPhoneSimulator.Deploy.0 = Debug|Any CPU
		{24CE3C36-16B9-426D-AA0C-5961ECF8D88C}.Debug|x64.ActiveCfg = Debug|Any CPU
		{24CE3C36-16B9-426D-AA0C-5961ECF8D88C}.Debug|x64.Build.0 = Debug|Any CPU
		{24CE3C36-16B9-426D-AA0C-5961ECF8D88C}.Debug|x64.Deploy.0 = Debug|Any CPU
		{24CE3C36-16B9-426D-AA0C-5961ECF8D88C}.Debug|x86.ActiveCfg = Debug|Any CPU
		{24CE3C36-16B9-426D-AA0C-5961ECF8D88C}.Release|Any CPU.ActiveCfg = Release|Any CPU
		{24CE3C36-16B9-426D-AA0C-5961ECF8D88C}.Release|Any CPU.Build.0 = Release|Any CPU
		{24CE3C36-16B9-426D-AA0C-5961ECF8D88C}.Release|Any CPU.Deploy.0 = Release|Any CPU
		{24CE3C36-16B9-426D-AA0C-5961ECF8D88C}.Release|ARM.ActiveCfg = Release|Any CPU
		{24CE3C36-16B9-426D-AA0C-5961ECF8D88C}.Release|ARM.Build.0 = Release|Any CPU
		{24CE3C36-16B9-426D-AA0C-5961ECF8D88C}.Release|ARM.Deploy.0 = Release|Any CPU
		{24CE3C36-16B9-426D-AA0C-5961ECF8D88C}.Release|iPhone.ActiveCfg = Release|Any CPU
		{24CE3C36-16B9-426D-AA0C-5961ECF8D88C}.Release|iPhone.Build.0 = Release|Any CPU
		{24CE3C36-16B9-426D-AA0C-5961ECF8D88C}.Release|iPhone.Deploy.0 = Release|Any CPU
		{24CE3C36-16B9-426D-AA0C-5961ECF8D88C}.Release|iPhoneSimulator.ActiveCfg = Release|Any CPU
		{24CE3C36-16B9-426D-AA0C-5961ECF8D88C}.Release|iPhoneSimulator.Build.0 = Release|Any CPU
		{24CE3C36-16B9-426D-AA0C-5961ECF8D88C}.Release|iPhoneSimulator.Deploy.0 = Release|Any CPU
		{24CE3C36-16B9-426D-AA0C-5961ECF8D88C}.Release|x64.ActiveCfg = Release|Any CPU
		{24CE3C36-16B9-426D-AA0C-5961ECF8D88C}.Release|x64.Build.0 = Release|Any CPU
		{24CE3C36-16B9-426D-AA0C-5961ECF8D88C}.Release|x64.Deploy.0 = Release|Any CPU
		{24CE3C36-16B9-426D-AA0C-5961ECF8D88C}.Release|x86.ActiveCfg = Release|Any CPU
		{24CE3C36-16B9-426D-AA0C-5961ECF8D88C}.Release|x86.Build.0 = Release|Any CPU
		{24CE3C36-16B9-426D-AA0C-5961ECF8D88C}.Release|x86.Deploy.0 = Release|Any CPU
		{F4A64289-0A1A-4ADF-BA16-70F8DEAB9635}.Debug|Any CPU.ActiveCfg = Debug|iPhone
		{F4A64289-0A1A-4ADF-BA16-70F8DEAB9635}.Debug|ARM.ActiveCfg = Debug|iPhone
		{F4A64289-0A1A-4ADF-BA16-70F8DEAB9635}.Debug|iPhone.ActiveCfg = Debug|iPhone
		{F4A64289-0A1A-4ADF-BA16-70F8DEAB9635}.Debug|iPhone.Build.0 = Debug|iPhone
		{F4A64289-0A1A-4ADF-BA16-70F8DEAB9635}.Debug|iPhoneSimulator.ActiveCfg = Debug|iPhoneSimulator
		{F4A64289-0A1A-4ADF-BA16-70F8DEAB9635}.Debug|iPhoneSimulator.Build.0 = Debug|iPhoneSimulator
		{F4A64289-0A1A-4ADF-BA16-70F8DEAB9635}.Debug|x64.ActiveCfg = Debug|iPhone
		{F4A64289-0A1A-4ADF-BA16-70F8DEAB9635}.Debug|x86.ActiveCfg = Debug|iPhone
		{F4A64289-0A1A-4ADF-BA16-70F8DEAB9635}.Release|Any CPU.ActiveCfg = Release|iPhone
		{F4A64289-0A1A-4ADF-BA16-70F8DEAB9635}.Release|ARM.ActiveCfg = Release|iPhone
		{F4A64289-0A1A-4ADF-BA16-70F8DEAB9635}.Release|iPhone.ActiveCfg = Release|iPhone
		{F4A64289-0A1A-4ADF-BA16-70F8DEAB9635}.Release|iPhone.Build.0 = Release|iPhone
		{F4A64289-0A1A-4ADF-BA16-70F8DEAB9635}.Release|iPhoneSimulator.ActiveCfg = Release|iPhoneSimulator
		{F4A64289-0A1A-4ADF-BA16-70F8DEAB9635}.Release|iPhoneSimulator.Build.0 = Release|iPhoneSimulator
		{F4A64289-0A1A-4ADF-BA16-70F8DEAB9635}.Release|x64.ActiveCfg = Release|iPhone
		{F4A64289-0A1A-4ADF-BA16-70F8DEAB9635}.Release|x86.ActiveCfg = Release|iPhone
		{AAB845DE-9B44-4AB5-B336-E84782C8AAE8}.Debug|Any CPU.ActiveCfg = Debug|x86
		{AAB845DE-9B44-4AB5-B336-E84782C8AAE8}.Debug|Any CPU.Build.0 = Debug|x86
		{AAB845DE-9B44-4AB5-B336-E84782C8AAE8}.Debug|Any CPU.Deploy.0 = Debug|x86
		{AAB845DE-9B44-4AB5-B336-E84782C8AAE8}.Debug|ARM.ActiveCfg = Debug|ARM
		{AAB845DE-9B44-4AB5-B336-E84782C8AAE8}.Debug|ARM.Build.0 = Debug|ARM
		{AAB845DE-9B44-4AB5-B336-E84782C8AAE8}.Debug|ARM.Deploy.0 = Debug|ARM
		{AAB845DE-9B44-4AB5-B336-E84782C8AAE8}.Debug|iPhone.ActiveCfg = Debug|x86
		{AAB845DE-9B44-4AB5-B336-E84782C8AAE8}.Debug|iPhoneSimulator.ActiveCfg = Debug|x86
		{AAB845DE-9B44-4AB5-B336-E84782C8AAE8}.Debug|x64.ActiveCfg = Debug|x64
		{AAB845DE-9B44-4AB5-B336-E84782C8AAE8}.Debug|x64.Build.0 = Debug|x64
		{AAB845DE-9B44-4AB5-B336-E84782C8AAE8}.Debug|x64.Deploy.0 = Debug|x64
		{AAB845DE-9B44-4AB5-B336-E84782C8AAE8}.Debug|x86.ActiveCfg = Debug|x86
		{AAB845DE-9B44-4AB5-B336-E84782C8AAE8}.Debug|x86.Build.0 = Debug|x86
		{AAB845DE-9B44-4AB5-B336-E84782C8AAE8}.Debug|x86.Deploy.0 = Debug|x86
		{AAB845DE-9B44-4AB5-B336-E84782C8AAE8}.Release|Any CPU.ActiveCfg = Release|x86
		{AAB845DE-9B44-4AB5-B336-E84782C8AAE8}.Release|ARM.ActiveCfg = Release|ARM
		{AAB845DE-9B44-4AB5-B336-E84782C8AAE8}.Release|ARM.Build.0 = Release|ARM
		{AAB845DE-9B44-4AB5-B336-E84782C8AAE8}.Release|ARM.Deploy.0 = Release|ARM
		{AAB845DE-9B44-4AB5-B336-E84782C8AAE8}.Release|iPhone.ActiveCfg = Release|x86
		{AAB845DE-9B44-4AB5-B336-E84782C8AAE8}.Release|iPhoneSimulator.ActiveCfg = Release|x86
		{AAB845DE-9B44-4AB5-B336-E84782C8AAE8}.Release|x64.ActiveCfg = Release|x64
		{AAB845DE-9B44-4AB5-B336-E84782C8AAE8}.Release|x64.Build.0 = Release|x64
		{AAB845DE-9B44-4AB5-B336-E84782C8AAE8}.Release|x64.Deploy.0 = Release|x64
		{AAB845DE-9B44-4AB5-B336-E84782C8AAE8}.Release|x86.ActiveCfg = Release|x86
		{AAB845DE-9B44-4AB5-B336-E84782C8AAE8}.Release|x86.Build.0 = Release|x86
		{AAB845DE-9B44-4AB5-B336-E84782C8AAE8}.Release|x86.Deploy.0 = Release|x86
		{EBEE6C8F-F316-49F7-B15E-F3E8EEBF8E08}.Debug|Any CPU.ActiveCfg = Debug|Any CPU
		{EBEE6C8F-F316-49F7-B15E-F3E8EEBF8E08}.Debug|Any CPU.Build.0 = Debug|Any CPU
		{EBEE6C8F-F316-49F7-B15E-F3E8EEBF8E08}.Debug|ARM.ActiveCfg = Debug|Any CPU
		{EBEE6C8F-F316-49F7-B15E-F3E8EEBF8E08}.Debug|ARM.Build.0 = Debug|Any CPU
		{EBEE6C8F-F316-49F7-B15E-F3E8EEBF8E08}.Debug|iPhone.ActiveCfg = Debug|Any CPU
		{EBEE6C8F-F316-49F7-B15E-F3E8EEBF8E08}.Debug|iPhone.Build.0 = Debug|Any CPU
		{EBEE6C8F-F316-49F7-B15E-F3E8EEBF8E08}.Debug|iPhoneSimulator.ActiveCfg = Debug|Any CPU
		{EBEE6C8F-F316-49F7-B15E-F3E8EEBF8E08}.Debug|iPhoneSimulator.Build.0 = Debug|Any CPU
		{EBEE6C8F-F316-49F7-B15E-F3E8EEBF8E08}.Debug|x64.ActiveCfg = Debug|Any CPU
		{EBEE6C8F-F316-49F7-B15E-F3E8EEBF8E08}.Debug|x64.Build.0 = Debug|Any CPU
		{EBEE6C8F-F316-49F7-B15E-F3E8EEBF8E08}.Debug|x86.ActiveCfg = Debug|Any CPU
		{EBEE6C8F-F316-49F7-B15E-F3E8EEBF8E08}.Debug|x86.Build.0 = Debug|Any CPU
		{EBEE6C8F-F316-49F7-B15E-F3E8EEBF8E08}.Release|Any CPU.ActiveCfg = Release|Any CPU
		{EBEE6C8F-F316-49F7-B15E-F3E8EEBF8E08}.Release|Any CPU.Build.0 = Release|Any CPU
		{EBEE6C8F-F316-49F7-B15E-F3E8EEBF8E08}.Release|ARM.ActiveCfg = Release|Any CPU
		{EBEE6C8F-F316-49F7-B15E-F3E8EEBF8E08}.Release|ARM.Build.0 = Release|Any CPU
		{EBEE6C8F-F316-49F7-B15E-F3E8EEBF8E08}.Release|iPhone.ActiveCfg = Release|Any CPU
		{EBEE6C8F-F316-49F7-B15E-F3E8EEBF8E08}.Release|iPhone.Build.0 = Release|Any CPU
		{EBEE6C8F-F316-49F7-B15E-F3E8EEBF8E08}.Release|iPhoneSimulator.ActiveCfg = Release|Any CPU
		{EBEE6C8F-F316-49F7-B15E-F3E8EEBF8E08}.Release|iPhoneSimulator.Build.0 = Release|Any CPU
		{EBEE6C8F-F316-49F7-B15E-F3E8EEBF8E08}.Release|x64.ActiveCfg = Release|Any CPU
		{EBEE6C8F-F316-49F7-B15E-F3E8EEBF8E08}.Release|x64.Build.0 = Release|Any CPU
		{EBEE6C8F-F316-49F7-B15E-F3E8EEBF8E08}.Release|x86.ActiveCfg = Release|Any CPU
		{EBEE6C8F-F316-49F7-B15E-F3E8EEBF8E08}.Release|x86.Build.0 = Release|Any CPU
		{EDD0C969-31D8-4AC0-9E62-B8A7598436ED}.Debug|Any CPU.ActiveCfg = Debug|Any CPU
		{EDD0C969-31D8-4AC0-9E62-B8A7598436ED}.Debug|Any CPU.Build.0 = Debug|Any CPU
		{EDD0C969-31D8-4AC0-9E62-B8A7598436ED}.Debug|ARM.ActiveCfg = Debug|Any CPU
		{EDD0C969-31D8-4AC0-9E62-B8A7598436ED}.Debug|ARM.Build.0 = Debug|Any CPU
		{EDD0C969-31D8-4AC0-9E62-B8A7598436ED}.Debug|iPhone.ActiveCfg = Debug|Any CPU
		{EDD0C969-31D8-4AC0-9E62-B8A7598436ED}.Debug|iPhone.Build.0 = Debug|Any CPU
		{EDD0C969-31D8-4AC0-9E62-B8A7598436ED}.Debug|iPhoneSimulator.ActiveCfg = Debug|Any CPU
		{EDD0C969-31D8-4AC0-9E62-B8A7598436ED}.Debug|iPhoneSimulator.Build.0 = Debug|Any CPU
		{EDD0C969-31D8-4AC0-9E62-B8A7598436ED}.Debug|x64.ActiveCfg = Debug|Any CPU
		{EDD0C969-31D8-4AC0-9E62-B8A7598436ED}.Debug|x64.Build.0 = Debug|Any CPU
		{EDD0C969-31D8-4AC0-9E62-B8A7598436ED}.Debug|x86.ActiveCfg = Debug|Any CPU
		{EDD0C969-31D8-4AC0-9E62-B8A7598436ED}.Debug|x86.Build.0 = Debug|Any CPU
		{EDD0C969-31D8-4AC0-9E62-B8A7598436ED}.Release|Any CPU.ActiveCfg = Release|Any CPU
		{EDD0C969-31D8-4AC0-9E62-B8A7598436ED}.Release|Any CPU.Build.0 = Release|Any CPU
		{EDD0C969-31D8-4AC0-9E62-B8A7598436ED}.Release|ARM.ActiveCfg = Release|Any CPU
		{EDD0C969-31D8-4AC0-9E62-B8A7598436ED}.Release|ARM.Build.0 = Release|Any CPU
		{EDD0C969-31D8-4AC0-9E62-B8A7598436ED}.Release|iPhone.ActiveCfg = Release|Any CPU
		{EDD0C969-31D8-4AC0-9E62-B8A7598436ED}.Release|iPhone.Build.0 = Release|Any CPU
		{EDD0C969-31D8-4AC0-9E62-B8A7598436ED}.Release|iPhoneSimulator.ActiveCfg = Release|Any CPU
		{EDD0C969-31D8-4AC0-9E62-B8A7598436ED}.Release|iPhoneSimulator.Build.0 = Release|Any CPU
		{EDD0C969-31D8-4AC0-9E62-B8A7598436ED}.Release|x64.ActiveCfg = Release|Any CPU
		{EDD0C969-31D8-4AC0-9E62-B8A7598436ED}.Release|x64.Build.0 = Release|Any CPU
		{EDD0C969-31D8-4AC0-9E62-B8A7598436ED}.Release|x86.ActiveCfg = Release|Any CPU
		{EDD0C969-31D8-4AC0-9E62-B8A7598436ED}.Release|x86.Build.0 = Release|Any CPU
	EndGlobalSection
	GlobalSection(SolutionProperties) = preSolution
		HideSolutionNode = FALSE
	EndGlobalSection
	GlobalSection(ExtensibilityGlobals) = postSolution
		SolutionGuid = {65F891C4-1EF9-45A9-ABE5-7F83616E8DFE}
	EndGlobalSection
EndGlobal
