
Microsoft Visual Studio Solution File, Format Version 12.00
# Visual Studio 15
VisualStudioVersion = 15.0.28307.168
MinimumVisualStudioVersion = 10.0.40219.1
Project("{FAE04EC0-301F-11D3-BF4B-00C04F79EFBC}") = "EksamensPrep", "EksamensPrep\EksamensPrep.csproj", "{C335AD81-2E14-470A-8A7F-A255ADCB7FB6}"
EndProject
Global
	GlobalSection(SolutionConfigurationPlatforms) = preSolution
		Debug|Any CPU = Debug|Any CPU
		Release|Any CPU = Release|Any CPU
	EndGlobalSection
	GlobalSection(ProjectConfigurationPlatforms) = postSolution
		{C335AD81-2E14-470A-8A7F-A255ADCB7FB6}.Debug|Any CPU.ActiveCfg = Debug|Any CPU
		{C335AD81-2E14-470A-8A7F-A255ADCB7FB6}.Debug|Any CPU.Build.0 = Debug|Any CPU
		{C335AD81-2E14-470A-8A7F-A255ADCB7FB6}.Release|Any CPU.ActiveCfg = Release|Any CPU
		{C335AD81-2E14-470A-8A7F-A255ADCB7FB6}.Release|Any CPU.Build.0 = Release|Any CPU
	EndGlobalSection
	GlobalSection(SolutionProperties) = preSolution
		HideSolutionNode = FALSE
	EndGlobalSection
	GlobalSection(ExtensibilityGlobals) = postSolution
		SolutionGuid = {156BA455-252C-46D5-8DA1-FCA457538F85}
	EndGlobalSection
EndGlobal
